
Microsoft Visual Studio Solution File, Format Version 12.00
# Visual Studio Version 17
VisualStudioVersion = 17.8.34309.116
MinimumVisualStudioVersion = 10.0.40219.1
Project("{FAE04EC0-301F-11D3-BF4B-00C04F79EFBC}") = "BookAndStay.Web", "BookAndStay.Web\BookAndStay.Web.csproj", "{E8DB5BEF-2B3B-4021-8E00-54E73A39FF8A}"
EndProject
Project("{FAE04EC0-301F-11D3-BF4B-00C04F79EFBC}") = "BookAndStay.Domain", "BookAndStay.Domain\BookAndStay.Domain.csproj", "{2ACDB006-BAB0-4778-83A0-B3B9EC659528}"
EndProject
Project("{FAE04EC0-301F-11D3-BF4B-00C04F79EFBC}") = "BookAndStay.Application", "BookAndStay.Application\BookAndStay.Application.csproj", "{91FB0B67-44C8-4FD0-9A9E-84604E98A6F7}"
EndProject
Project("{FAE04EC0-301F-11D3-BF4B-00C04F79EFBC}") = "BookAndStay.Infrastructure", "BookAndStay.Infrastructure\BookAndStay.Infrastructure.csproj", "{F1F6A969-8613-4D65-8921-59B7E45BC2C5}"
EndProject
Global
	GlobalSection(SolutionConfigurationPlatforms) = preSolution
		Debug|Any CPU = Debug|Any CPU
		Release|Any CPU = Release|Any CPU
	EndGlobalSection
	GlobalSection(ProjectConfigurationPlatforms) = postSolution
		{E8DB5BEF-2B3B-4021-8E00-54E73A39FF8A}.Debug|Any CPU.ActiveCfg = Debug|Any CPU
		{E8DB5BEF-2B3B-4021-8E00-54E73A39FF8A}.Debug|Any CPU.Build.0 = Debug|Any CPU
		{E8DB5BEF-2B3B-4021-8E00-54E73A39FF8A}.Release|Any CPU.ActiveCfg = Release|Any CPU
		{E8DB5BEF-2B3B-4021-8E00-54E73A39FF8A}.Release|Any CPU.Build.0 = Release|Any CPU
		{2ACDB006-BAB0-4778-83A0-B3B9EC659528}.Debug|Any CPU.ActiveCfg = Debug|Any CPU
		{2ACDB006-BAB0-4778-83A0-B3B9EC659528}.Debug|Any CPU.Build.0 = Debug|Any CPU
		{2ACDB006-BAB0-4778-83A0-B3B9EC659528}.Release|Any CPU.ActiveCfg = Release|Any CPU
		{2ACDB006-BAB0-4778-83A0-B3B9EC659528}.Release|Any CPU.Build.0 = Release|Any CPU
		{91FB0B67-44C8-4FD0-9A9E-84604E98A6F7}.Debug|Any CPU.ActiveCfg = Debug|Any CPU
		{91FB0B67-44C8-4FD0-9A9E-84604E98A6F7}.Debug|Any CPU.Build.0 = Debug|Any CPU
		{91FB0B67-44C8-4FD0-9A9E-84604E98A6F7}.Release|Any CPU.ActiveCfg = Release|Any CPU
		{91FB0B67-44C8-4FD0-9A9E-84604E98A6F7}.Release|Any CPU.Build.0 = Release|Any CPU
		{F1F6A969-8613-4D65-8921-59B7E45BC2C5}.Debug|Any CPU.ActiveCfg = Debug|Any CPU
		{F1F6A969-8613-4D65-8921-59B7E45BC2C5}.Debug|Any CPU.Build.0 = Debug|Any CPU
		{F1F6A969-8613-4D65-8921-59B7E45BC2C5}.Release|Any CPU.ActiveCfg = Release|Any CPU
		{F1F6A969-8613-4D65-8921-59B7E45BC2C5}.Release|Any CPU.Build.0 = Release|Any CPU
	EndGlobalSection
	GlobalSection(SolutionProperties) = preSolution
		HideSolutionNode = FALSE
	EndGlobalSection
	GlobalSection(ExtensibilityGlobals) = postSolution
		SolutionGuid = {4D632BB9-3997-41CF-A99B-FFA6F273F422}
	EndGlobalSection
EndGlobal
